
Microsoft Visual Studio Solution File, Format Version 12.00
# Visual Studio 2013
VisualStudioVersion = 12.0.31101.0
MinimumVisualStudioVersion = 10.0.40219.1
Project("{FAE04EC0-301F-11D3-BF4B-00C04F79EFBC}") = "BuffaloTungsten", "BuffaloTungsten\BuffaloTungsten.csproj", "{9483B837-4DAC-44D6-98D1-A0EE739CD926}"
EndProject
Project("{FAE04EC0-301F-11D3-BF4B-00C04F79EFBC}") = "BuffaloTungsten.Tests", "..\Users\crobinson\Documents\Visual Studio 2013\Projects\BuffaloTungsten\BuffaloTungsten.Tests\BuffaloTungsten.Tests.csproj", "{FFC4A832-8BD8-453E-9FEC-D1D1001E06BF}"
EndProject
Project("{FAE04EC0-301F-11D3-BF4B-00C04F79EFBC}") = "BuffaloTungsten.Domain", "BuffaloTungsten.Domain\BuffaloTungsten.Domain.csproj", "{85B3D803-FEEB-453E-BB7A-8633215D2FF9}"
EndProject
Global
	GlobalSection(SolutionConfigurationPlatforms) = preSolution
		Debug|Any CPU = Debug|Any CPU
		Release|Any CPU = Release|Any CPU
	EndGlobalSection
	GlobalSection(ProjectConfigurationPlatforms) = postSolution
		{9483B837-4DAC-44D6-98D1-A0EE739CD926}.Debug|Any CPU.ActiveCfg = Debug|Any CPU
		{9483B837-4DAC-44D6-98D1-A0EE739CD926}.Debug|Any CPU.Build.0 = Debug|Any CPU
		{9483B837-4DAC-44D6-98D1-A0EE739CD926}.Release|Any CPU.ActiveCfg = Release|Any CPU
		{9483B837-4DAC-44D6-98D1-A0EE739CD926}.Release|Any CPU.Build.0 = Release|Any CPU
		{FFC4A832-8BD8-453E-9FEC-D1D1001E06BF}.Debug|Any CPU.ActiveCfg = Debug|Any CPU
		{FFC4A832-8BD8-453E-9FEC-D1D1001E06BF}.Debug|Any CPU.Build.0 = Debug|Any CPU
		{FFC4A832-8BD8-453E-9FEC-D1D1001E06BF}.Release|Any CPU.ActiveCfg = Release|Any CPU
		{FFC4A832-8BD8-453E-9FEC-D1D1001E06BF}.Release|Any CPU.Build.0 = Release|Any CPU
		{85B3D803-FEEB-453E-BB7A-8633215D2FF9}.Debug|Any CPU.ActiveCfg = Debug|Any CPU
		{85B3D803-FEEB-453E-BB7A-8633215D2FF9}.Debug|Any CPU.Build.0 = Debug|Any CPU
		{85B3D803-FEEB-453E-BB7A-8633215D2FF9}.Release|Any CPU.ActiveCfg = Release|Any CPU
		{85B3D803-FEEB-453E-BB7A-8633215D2FF9}.Release|Any CPU.Build.0 = Release|Any CPU
	EndGlobalSection
	GlobalSection(SolutionProperties) = preSolution
		HideSolutionNode = FALSE
	EndGlobalSection
EndGlobal
